
Microsoft Visual Studio Solution File, Format Version 12.00
# Visual Studio 15
VisualStudioVersion = 15.0.28010.2041
MinimumVisualStudioVersion = 10.0.40219.1
Project("{FAE04EC0-301F-11D3-BF4B-00C04F79EFBC}") = "CodeExtractTools", "CodeExtractTools\CodeExtractTools.csproj", "{7E50DD7C-9C08-4261-85F0-6F082538DC03}"
EndProject
Global
	GlobalSection(SolutionConfigurationPlatforms) = preSolution
		Debug|Any CPU = Debug|Any CPU
		Release|Any CPU = Release|Any CPU
	EndGlobalSection
	GlobalSection(ProjectConfigurationPlatforms) = postSolution
		{7E50DD7C-9C08-4261-85F0-6F082538DC03}.Debug|Any CPU.ActiveCfg = Debug|Any CPU
		{7E50DD7C-9C08-4261-85F0-6F082538DC03}.Debug|Any CPU.Build.0 = Debug|Any CPU
		{7E50DD7C-9C08-4261-85F0-6F082538DC03}.Release|Any CPU.ActiveCfg = Release|Any CPU
		{7E50DD7C-9C08-4261-85F0-6F082538DC03}.Release|Any CPU.Build.0 = Release|Any CPU
	EndGlobalSection
	GlobalSection(SolutionProperties) = preSolution
		HideSolutionNode = FALSE
	EndGlobalSection
	GlobalSection(ExtensibilityGlobals) = postSolution
		SolutionGuid = {32C1DD8B-80D8-4277-A373-C25A07869BD1}
	EndGlobalSection
EndGlobal
